
Microsoft Visual Studio Solution File, Format Version 12.00
# Visual Studio 15
VisualStudioVersion = 15.0.27130.2010
MinimumVisualStudioVersion = 15.0.26124.0
Project("{9A19103F-16F7-4668-BE54-9A1E7A4F7556}") = "ItomychStudioTask.API", "ItomychStudioTask.API\ItomychStudioTask.API.csproj", "{71A99DB3-1606-40C0-AFE5-4E2871144147}"
EndProject
Project("{2150E333-8FDC-42A3-9474-1A3956D46DE8}") = "Data", "Data", "{B9219DD7-3736-40E2-A288-A7A1D2C4B446}"
EndProject
Project("{2150E333-8FDC-42A3-9474-1A3956D46DE8}") = "Business", "Business", "{1B7E4496-0B75-492E-9519-A1E781BE5B9A}"
EndProject
Project("{9A19103F-16F7-4668-BE54-9A1E7A4F7556}") = "ItomychStudioTask.Data.Abstractions", "ItomychStudioTask.Data.Abstractions\ItomychStudioTask.Data.Abstractions.csproj", "{39559220-CCB6-4A3D-A666-C4BF185CB4A1}"
EndProject
Project("{9A19103F-16F7-4668-BE54-9A1E7A4F7556}") = "ItomychStudioTask.Data.Models", "ItomychStudioTask.Data.Models\ItomychStudioTask.Data.Models.csproj", "{0CEDC4A5-7815-4A83-AFEF-9F8C07AE7828}"
EndProject
Project("{2150E333-8FDC-42A3-9474-1A3956D46DE8}") = "Tests", "Tests", "{CEA87684-2A45-4921-A1BA-6C3D806D7230}"
EndProject
Project("{9A19103F-16F7-4668-BE54-9A1E7A4F7556}") = "ItomychStudioTask.Tests.DataMock", "ItomychStudioTask.Tests.DataMock\ItomychStudioTask.Tests.DataMock.csproj", "{D705DAF3-C72C-4473-8262-CB71D1E60C54}"
EndProject
Project("{9A19103F-16F7-4668-BE54-9A1E7A4F7556}") = "ItomychStudioTask.Tests", "ItomychStudioTask.Tests\ItomychStudioTask.Tests.csproj", "{C1E5CC8E-D676-4B82-BC83-9C608CED530B}"
EndProject
Project("{FAE04EC0-301F-11D3-BF4B-00C04F79EFBC}") = "ItomychStudioTask.Business.Services", "ItomychStudioTask.Business.Services\ItomychStudioTask.Business.Services.csproj", "{F6EB5857-7A1B-4C77-BAC6-F3D39BF3891D}"
EndProject
Project("{FAE04EC0-301F-11D3-BF4B-00C04F79EFBC}") = "ItomychStudioTask.Data.SqlLite", "ItomychStudioTask.Data.SqlLite\ItomychStudioTask.Data.SqlLite.csproj", "{D6605B2A-59E4-4CF3-A07C-818DF9C5744A}"
EndProject
Global
	GlobalSection(SolutionConfigurationPlatforms) = preSolution
		Debug|Any CPU = Debug|Any CPU
		Debug|x64 = Debug|x64
		Debug|x86 = Debug|x86
		Release|Any CPU = Release|Any CPU
		Release|x64 = Release|x64
		Release|x86 = Release|x86
	EndGlobalSection
	GlobalSection(ProjectConfigurationPlatforms) = postSolution
		{71A99DB3-1606-40C0-AFE5-4E2871144147}.Debug|Any CPU.ActiveCfg = Debug|Any CPU
		{71A99DB3-1606-40C0-AFE5-4E2871144147}.Debug|Any CPU.Build.0 = Debug|Any CPU
		{71A99DB3-1606-40C0-AFE5-4E2871144147}.Debug|x64.ActiveCfg = Debug|Any CPU
		{71A99DB3-1606-40C0-AFE5-4E2871144147}.Debug|x64.Build.0 = Debug|Any CPU
		{71A99DB3-1606-40C0-AFE5-4E2871144147}.Debug|x86.ActiveCfg = Debug|Any CPU
		{71A99DB3-1606-40C0-AFE5-4E2871144147}.Debug|x86.Build.0 = Debug|Any CPU
		{71A99DB3-1606-40C0-AFE5-4E2871144147}.Release|Any CPU.ActiveCfg = Release|Any CPU
		{71A99DB3-1606-40C0-AFE5-4E2871144147}.Release|Any CPU.Build.0 = Release|Any CPU
		{71A99DB3-1606-40C0-AFE5-4E2871144147}.Release|x64.ActiveCfg = Release|Any CPU
		{71A99DB3-1606-40C0-AFE5-4E2871144147}.Release|x64.Build.0 = Release|Any CPU
		{71A99DB3-1606-40C0-AFE5-4E2871144147}.Release|x86.ActiveCfg = Release|Any CPU
		{71A99DB3-1606-40C0-AFE5-4E2871144147}.Release|x86.Build.0 = Release|Any CPU
		{39559220-CCB6-4A3D-A666-C4BF185CB4A1}.Debug|Any CPU.ActiveCfg = Debug|Any CPU
		{39559220-CCB6-4A3D-A666-C4BF185CB4A1}.Debug|Any CPU.Build.0 = Debug|Any CPU
		{39559220-CCB6-4A3D-A666-C4BF185CB4A1}.Debug|x64.ActiveCfg = Debug|Any CPU
		{39559220-CCB6-4A3D-A666-C4BF185CB4A1}.Debug|x64.Build.0 = Debug|Any CPU
		{39559220-CCB6-4A3D-A666-C4BF185CB4A1}.Debug|x86.ActiveCfg = Debug|Any CPU
		{39559220-CCB6-4A3D-A666-C4BF185CB4A1}.Debug|x86.Build.0 = Debug|Any CPU
		{39559220-CCB6-4A3D-A666-C4BF185CB4A1}.Release|Any CPU.ActiveCfg = Release|Any CPU
		{39559220-CCB6-4A3D-A666-C4BF185CB4A1}.Release|Any CPU.Build.0 = Release|Any CPU
		{39559220-CCB6-4A3D-A666-C4BF185CB4A1}.Release|x64.ActiveCfg = Release|Any CPU
		{39559220-CCB6-4A3D-A666-C4BF185CB4A1}.Release|x64.Build.0 = Release|Any CPU
		{39559220-CCB6-4A3D-A666-C4BF185CB4A1}.Release|x86.ActiveCfg = Release|Any CPU
		{39559220-CCB6-4A3D-A666-C4BF185CB4A1}.Release|x86.Build.0 = Release|Any CPU
		{0CEDC4A5-7815-4A83-AFEF-9F8C07AE7828}.Debug|Any CPU.ActiveCfg = Debug|Any CPU
		{0CEDC4A5-7815-4A83-AFEF-9F8C07AE7828}.Debug|Any CPU.Build.0 = Debug|Any CPU
		{0CEDC4A5-7815-4A83-AFEF-9F8C07AE7828}.Debug|x64.ActiveCfg = Debug|Any CPU
		{0CEDC4A5-7815-4A83-AFEF-9F8C07AE7828}.Debug|x64.Build.0 = Debug|Any CPU
		{0CEDC4A5-7815-4A83-AFEF-9F8C07AE7828}.Debug|x86.ActiveCfg = Debug|Any CPU
		{0CEDC4A5-7815-4A83-AFEF-9F8C07AE7828}.Debug|x86.Build.0 = Debug|Any CPU
		{0CEDC4A5-7815-4A83-AFEF-9F8C07AE7828}.Release|Any CPU.ActiveCfg = Release|Any CPU
		{0CEDC4A5-7815-4A83-AFEF-9F8C07AE7828}.Release|Any CPU.Build.0 = Release|Any CPU
		{0CEDC4A5-7815-4A83-AFEF-9F8C07AE7828}.Release|x64.ActiveCfg = Release|Any CPU
		{0CEDC4A5-7815-4A83-AFEF-9F8C07AE7828}.Release|x64.Build.0 = Release|Any CPU
		{0CEDC4A5-7815-4A83-AFEF-9F8C07AE7828}.Release|x86.ActiveCfg = Release|Any CPU
		{0CEDC4A5-7815-4A83-AFEF-9F8C07AE7828}.Release|x86.Build.0 = Release|Any CPU
		{D705DAF3-C72C-4473-8262-CB71D1E60C54}.Debug|Any CPU.ActiveCfg = Debug|Any CPU
		{D705DAF3-C72C-4473-8262-CB71D1E60C54}.Debug|Any CPU.Build.0 = Debug|Any CPU
		{D705DAF3-C72C-4473-8262-CB71D1E60C54}.Debug|x64.ActiveCfg = Debug|Any CPU
		{D705DAF3-C72C-4473-8262-CB71D1E60C54}.Debug|x64.Build.0 = Debug|Any CPU
		{D705DAF3-C72C-4473-8262-CB71D1E60C54}.Debug|x86.ActiveCfg = Debug|Any CPU
		{D705DAF3-C72C-4473-8262-CB71D1E60C54}.Debug|x86.Build.0 = Debug|Any CPU
		{D705DAF3-C72C-4473-8262-CB71D1E60C54}.Release|Any CPU.ActiveCfg = Release|Any CPU
		{D705DAF3-C72C-4473-8262-CB71D1E60C54}.Release|Any CPU.Build.0 = Release|Any CPU
		{D705DAF3-C72C-4473-8262-CB71D1E60C54}.Release|x64.ActiveCfg = Release|Any CPU
		{D705DAF3-C72C-4473-8262-CB71D1E60C54}.Release|x64.Build.0 = Release|Any CPU
		{D705DAF3-C72C-4473-8262-CB71D1E60C54}.Release|x86.ActiveCfg = Release|Any CPU
		{D705DAF3-C72C-4473-8262-CB71D1E60C54}.Release|x86.Build.0 = Release|Any CPU
		{C1E5CC8E-D676-4B82-BC83-9C608CED530B}.Debug|Any CPU.ActiveCfg = Debug|Any CPU
		{C1E5CC8E-D676-4B82-BC83-9C608CED530B}.Debug|Any CPU.Build.0 = Debug|Any CPU
		{C1E5CC8E-D676-4B82-BC83-9C608CED530B}.Debug|x64.ActiveCfg = Debug|Any CPU
		{C1E5CC8E-D676-4B82-BC83-9C608CED530B}.Debug|x64.Build.0 = Debug|Any CPU
		{C1E5CC8E-D676-4B82-BC83-9C608CED530B}.Debug|x86.ActiveCfg = Debug|Any CPU
		{C1E5CC8E-D676-4B82-BC83-9C608CED530B}.Debug|x86.Build.0 = Debug|Any CPU
		{C1E5CC8E-D676-4B82-BC83-9C608CED530B}.Release|Any CPU.ActiveCfg = Release|Any CPU
		{C1E5CC8E-D676-4B82-BC83-9C608CED530B}.Release|Any CPU.Build.0 = Release|Any CPU
		{C1E5CC8E-D676-4B82-BC83-9C608CED530B}.Release|x64.ActiveCfg = Release|Any CPU
		{C1E5CC8E-D676-4B82-BC83-9C608CED530B}.Release|x64.Build.0 = Release|Any CPU
		{C1E5CC8E-D676-4B82-BC83-9C608CED530B}.Release|x86.ActiveCfg = Release|Any CPU
		{C1E5CC8E-D676-4B82-BC83-9C608CED530B}.Release|x86.Build.0 = Release|Any CPU
		{F6EB5857-7A1B-4C77-BAC6-F3D39BF3891D}.Debug|Any CPU.ActiveCfg = Debug|Any CPU
		{F6EB5857-7A1B-4C77-BAC6-F3D39BF3891D}.Debug|Any CPU.Build.0 = Debug|Any CPU
		{F6EB5857-7A1B-4C77-BAC6-F3D39BF3891D}.Debug|x64.ActiveCfg = Debug|Any CPU
		{F6EB5857-7A1B-4C77-BAC6-F3D39BF3891D}.Debug|x64.Build.0 = Debug|Any CPU
		{F6EB5857-7A1B-4C77-BAC6-F3D39BF3891D}.Debug|x86.ActiveCfg = Debug|Any CPU
		{F6EB5857-7A1B-4C77-BAC6-F3D39BF3891D}.Debug|x86.Build.0 = Debug|Any CPU
		{F6EB5857-7A1B-4C77-BAC6-F3D39BF3891D}.Release|Any CPU.ActiveCfg = Release|Any CPU
		{F6EB5857-7A1B-4C77-BAC6-F3D39BF3891D}.Release|Any CPU.Build.0 = Release|Any CPU
		{F6EB5857-7A1B-4C77-BAC6-F3D39BF3891D}.Release|x64.ActiveCfg = Release|Any CPU
		{F6EB5857-7A1B-4C77-BAC6-F3D39BF3891D}.Release|x64.Build.0 = Release|Any CPU
		{F6EB5857-7A1B-4C77-BAC6-F3D39BF3891D}.Release|x86.ActiveCfg = Release|Any CPU
		{F6EB5857-7A1B-4C77-BAC6-F3D39BF3891D}.Release|x86.Build.0 = Release|Any CPU
		{D6605B2A-59E4-4CF3-A07C-818DF9C5744A}.Debug|Any CPU.ActiveCfg = Debug|Any CPU
		{D6605B2A-59E4-4CF3-A07C-818DF9C5744A}.Debug|Any CPU.Build.0 = Debug|Any CPU
		{D6605B2A-59E4-4CF3-A07C-818DF9C5744A}.Debug|x64.ActiveCfg = Debug|Any CPU
		{D6605B2A-59E4-4CF3-A07C-818DF9C5744A}.Debug|x64.Build.0 = Debug|Any CPU
		{D6605B2A-59E4-4CF3-A07C-818DF9C5744A}.Debug|x86.ActiveCfg = Debug|Any CPU
		{D6605B2A-59E4-4CF3-A07C-818DF9C5744A}.Debug|x86.Build.0 = Debug|Any CPU
		{D6605B2A-59E4-4CF3-A07C-818DF9C5744A}.Release|Any CPU.ActiveCfg = Release|Any CPU
		{D6605B2A-59E4-4CF3-A07C-818DF9C5744A}.Release|Any CPU.Build.0 = Release|Any CPU
		{D6605B2A-59E4-4CF3-A07C-818DF9C5744A}.Release|x64.ActiveCfg = Release|Any CPU
		{D6605B2A-59E4-4CF3-A07C-818DF9C5744A}.Release|x64.Build.0 = Release|Any CPU
		{D6605B2A-59E4-4CF3-A07C-818DF9C5744A}.Release|x86.ActiveCfg = Release|Any CPU
		{D6605B2A-59E4-4CF3-A07C-818DF9C5744A}.Release|x86.Build.0 = Release|Any CPU
	EndGlobalSection
	GlobalSection(SolutionProperties) = preSolution
		HideSolutionNode = FALSE
	EndGlobalSection
	GlobalSection(NestedProjects) = preSolution
		{39559220-CCB6-4A3D-A666-C4BF185CB4A1} = {B9219DD7-3736-40E2-A288-A7A1D2C4B446}
		{0CEDC4A5-7815-4A83-AFEF-9F8C07AE7828} = {B9219DD7-3736-40E2-A288-A7A1D2C4B446}
		{D705DAF3-C72C-4473-8262-CB71D1E60C54} = {CEA87684-2A45-4921-A1BA-6C3D806D7230}
		{C1E5CC8E-D676-4B82-BC83-9C608CED530B} = {CEA87684-2A45-4921-A1BA-6C3D806D7230}
		{F6EB5857-7A1B-4C77-BAC6-F3D39BF3891D} = {1B7E4496-0B75-492E-9519-A1E781BE5B9A}
		{D6605B2A-59E4-4CF3-A07C-818DF9C5744A} = {B9219DD7-3736-40E2-A288-A7A1D2C4B446}
	EndGlobalSection
	GlobalSection(ExtensibilityGlobals) = postSolution
		SolutionGuid = {3035BD78-08B9-4BD4-9C8C-CDB2EC36C47C}
	EndGlobalSection
EndGlobal
